
Microsoft Visual Studio Solution File, Format Version 12.00
# Visual Studio Version 17
VisualStudioVersion = 17.8.34330.188
MinimumVisualStudioVersion = 10.0.40219.1
Project("{FAE04EC0-301F-11D3-BF4B-00C04F79EFBC}") = "DataLoader", "DataLoader\DataLoader.csproj", "{A68003E7-B023-4E88-BC19-D4690F5643D3}"
EndProject
Project("{FAE04EC0-301F-11D3-BF4B-00C04F79EFBC}") = "ConsoleApp", "ConsoleApp\ConsoleApp.csproj", "{B8A3FBFD-A877-AB3A-3856-A3E51268C209}"
EndProject
Project("{FAE04EC0-301F-11D3-BF4B-00C04F79EFBC}") = "DataLoader.Test", "DataLoader.Test\DataLoader.Test.csproj", "{12E1CDFB-74EE-4094-993C-085398CD6974}"
EndProject
Project("{FAE04EC0-301F-11D3-BF4B-00C04F79EFBC}") = "Core", "Core\Core.csproj", "{7D05FD36-DE6A-4E57-80AA-FF1BCE0EA7F4}"
EndProject
Project("{FAE04EC0-301F-11D3-BF4B-00C04F79EFBC}") = "DataMangler", "DataMangler\DataMangler.csproj", "{0F4F5F14-81F8-43AB-8219-2157E58C5D70}"
EndProject
Project("{FAE04EC0-301F-11D3-BF4B-00C04F79EFBC}") = "DataMangler.Test", "DataMangler.Test\DataMangler.Test.csproj", "{5A0F2533-09E1-4849-96BF-906D09DC4261}"
EndProject
Project("{FAE04EC0-301F-11D3-BF4B-00C04F79EFBC}") = "SignalGenerator", "SignalGenerator\SignalGenerator.csproj", "{3ACD401E-55FB-4AE4-BF09-FB6708DAF942}"
EndProject
Project("{FAE04EC0-301F-11D3-BF4B-00C04F79EFBC}") = "SignalGenerator.Test", "SignalGenerator.Test\SignalGenerator.Test.csproj", "{101226FB-1EAF-43DE-B92C-DB56C4F94A45}"
EndProject
Global
	GlobalSection(SolutionConfigurationPlatforms) = preSolution
		Debug|Any CPU = Debug|Any CPU
		Release|Any CPU = Release|Any CPU
	EndGlobalSection
	GlobalSection(ProjectConfigurationPlatforms) = postSolution
		{A68003E7-B023-4E88-BC19-D4690F5643D3}.Debug|Any CPU.ActiveCfg = Debug|Any CPU
		{A68003E7-B023-4E88-BC19-D4690F5643D3}.Debug|Any CPU.Build.0 = Debug|Any CPU
		{A68003E7-B023-4E88-BC19-D4690F5643D3}.Release|Any CPU.ActiveCfg = Release|Any CPU
		{A68003E7-B023-4E88-BC19-D4690F5643D3}.Release|Any CPU.Build.0 = Release|Any CPU
		{B8A3FBFD-A877-AB3A-3856-A3E51268C209}.Debug|Any CPU.ActiveCfg = Debug|Any CPU
		{B8A3FBFD-A877-AB3A-3856-A3E51268C209}.Debug|Any CPU.Build.0 = Debug|Any CPU
		{B8A3FBFD-A877-AB3A-3856-A3E51268C209}.Release|Any CPU.ActiveCfg = Release|Any CPU
		{B8A3FBFD-A877-AB3A-3856-A3E51268C209}.Release|Any CPU.Build.0 = Release|Any CPU
		{12E1CDFB-74EE-4094-993C-085398CD6974}.Debug|Any CPU.ActiveCfg = Debug|Any CPU
		{12E1CDFB-74EE-4094-993C-085398CD6974}.Debug|Any CPU.Build.0 = Debug|Any CPU
		{12E1CDFB-74EE-4094-993C-085398CD6974}.Release|Any CPU.ActiveCfg = Release|Any CPU
		{12E1CDFB-74EE-4094-993C-085398CD6974}.Release|Any CPU.Build.0 = Release|Any CPU
		{7D05FD36-DE6A-4E57-80AA-FF1BCE0EA7F4}.Debug|Any CPU.ActiveCfg = Debug|Any CPU
		{7D05FD36-DE6A-4E57-80AA-FF1BCE0EA7F4}.Debug|Any CPU.Build.0 = Debug|Any CPU
		{7D05FD36-DE6A-4E57-80AA-FF1BCE0EA7F4}.Release|Any CPU.ActiveCfg = Release|Any CPU
		{7D05FD36-DE6A-4E57-80AA-FF1BCE0EA7F4}.Release|Any CPU.Build.0 = Release|Any CPU
		{0F4F5F14-81F8-43AB-8219-2157E58C5D70}.Debug|Any CPU.ActiveCfg = Debug|Any CPU
		{0F4F5F14-81F8-43AB-8219-2157E58C5D70}.Debug|Any CPU.Build.0 = Debug|Any CPU
		{0F4F5F14-81F8-43AB-8219-2157E58C5D70}.Release|Any CPU.ActiveCfg = Release|Any CPU
		{0F4F5F14-81F8-43AB-8219-2157E58C5D70}.Release|Any CPU.Build.0 = Release|Any CPU
		{5A0F2533-09E1-4849-96BF-906D09DC4261}.Debug|Any CPU.ActiveCfg = Debug|Any CPU
		{5A0F2533-09E1-4849-96BF-906D09DC4261}.Debug|Any CPU.Build.0 = Debug|Any CPU
		{5A0F2533-09E1-4849-96BF-906D09DC4261}.Release|Any CPU.ActiveCfg = Release|Any CPU
		{5A0F2533-09E1-4849-96BF-906D09DC4261}.Release|Any CPU.Build.0 = Release|Any CPU
		{3ACD401E-55FB-4AE4-BF09-FB6708DAF942}.Debug|Any CPU.ActiveCfg = Debug|Any CPU
		{3ACD401E-55FB-4AE4-BF09-FB6708DAF942}.Debug|Any CPU.Build.0 = Debug|Any CPU
		{3ACD401E-55FB-4AE4-BF09-FB6708DAF942}.Release|Any CPU.ActiveCfg = Release|Any CPU
		{3ACD401E-55FB-4AE4-BF09-FB6708DAF942}.Release|Any CPU.Build.0 = Release|Any CPU
		{101226FB-1EAF-43DE-B92C-DB56C4F94A45}.Debug|Any CPU.ActiveCfg = Debug|Any CPU
		{101226FB-1EAF-43DE-B92C-DB56C4F94A45}.Debug|Any CPU.Build.0 = Debug|Any CPU
		{101226FB-1EAF-43DE-B92C-DB56C4F94A45}.Release|Any CPU.ActiveCfg = Release|Any CPU
		{101226FB-1EAF-43DE-B92C-DB56C4F94A45}.Release|Any CPU.Build.0 = Release|Any CPU
	EndGlobalSection
	GlobalSection(SolutionProperties) = preSolution
		HideSolutionNode = FALSE
	EndGlobalSection
	GlobalSection(ExtensibilityGlobals) = postSolution
		SolutionGuid = {977CA686-3F34-456F-91FC-68447C31D12A}
	EndGlobalSection
EndGlobal
